// !$*UTF8*$!
{
	archiveVersion = 1;
	classes = {
	};
	objectVersion = 46;
	objects = {

/* Begin PBXBuildFile section */
		629B74631BE10AA5008F05F6 /* main.m in Sources */ = {isa = PBXBuildFile; fileRef = 629B74621BE10AA5008F05F6 /* main.m */; };
		629B74661BE10AA5008F05F6 /* AppDelegate.m in Sources */ = {isa = PBXBuildFile; fileRef = 629B74651BE10AA5008F05F6 /* AppDelegate.m */; };
		629B74691BE10AA5008F05F6 /* ViewController.m in Sources */ = {isa = PBXBuildFile; fileRef = 629B74681BE10AA5008F05F6 /* ViewController.m */; };
		629B746C1BE10AA5008F05F6 /* Main.storyboard in Resources */ = {isa = PBXBuildFile; fileRef = 629B746A1BE10AA5008F05F6 /* Main.storyboard */; };
		629B746E1BE10AA5008F05F6 /* Assets.xcassets in Resources */ = {isa = PBXBuildFile; fileRef = 629B746D1BE10AA5008F05F6 /* Assets.xcassets */; };
		629B74711BE10AA5008F05F6 /* LaunchScreen.storyboard in Resources */ = {isa = PBXBuildFile; fileRef = 629B746F1BE10AA5008F05F6 /* LaunchScreen.storyboard */; };
		629B747C1BE10AA5008F05F6 /* ZenGardenTests.m in Sources */ = {isa = PBXBuildFile; fileRef = 629B747B1BE10AA5008F05F6 /* ZenGardenTests.m */; };
		629B74871BE10AA5008F05F6 /* ZenGardenUITests.m in Sources */ = {isa = PBXBuildFile; fileRef = 629B74861BE10AA5008F05F6 /* ZenGardenUITests.m */; };
		629B74981BE10B0A008F05F6 /* rake.png in Resources */ = {isa = PBXBuildFile; fileRef = 629B74941BE10B0A008F05F6 /* rake.png */; settings = {ASSET_TAGS = (); }; };
		629B74991BE10B0A008F05F6 /* rock1.png in Resources */ = {isa = PBXBuildFile; fileRef = 629B74951BE10B0A008F05F6 /* rock1.png */; settings = {ASSET_TAGS = (); }; };
		629B749A1BE10B0A008F05F6 /* shrub.png in Resources */ = {isa = PBXBuildFile; fileRef = 629B74961BE10B0A008F05F6 /* shrub.png */; settings = {ASSET_TAGS = (); }; };
		629B749B1BE10B0A008F05F6 /* swordinrock.png in Resources */ = {isa = PBXBuildFile; fileRef = 629B74971BE10B0A008F05F6 /* swordinrock.png */; settings = {ASSET_TAGS = (); }; };
/* End PBXBuildFile section */

/* Begin PBXContainerItemProxy section */
		629B74781BE10AA5008F05F6 /* PBXContainerItemProxy */ = {
			isa = PBXContainerItemProxy;
			containerPortal = 629B74561BE10AA5008F05F6 /* Project object */;
			proxyType = 1;
			remoteGlobalIDString = 629B745D1BE10AA5008F05F6;
			remoteInfo = ZenGarden;
		};
		629B74831BE10AA5008F05F6 /* PBXContainerItemProxy */ = {
			isa = PBXContainerItemProxy;
			containerPortal = 629B74561BE10AA5008F05F6 /* Project object */;
			proxyType = 1;
			remoteGlobalIDString = 629B745D1BE10AA5008F05F6;
			remoteInfo = ZenGarden;
		};
/* End PBXContainerItemProxy section */

/* Begin PBXFileReference section */
		629B745E1BE10AA5008F05F6 /* ZenGarden.app */ = {isa = PBXFileReference; explicitFileType = wrapper.application; includeInIndex = 0; path = ZenGarden.app; sourceTree = BUILT_PRODUCTS_DIR; };
		629B74621BE10AA5008F05F6 /* main.m */ = {isa = PBXFileReference; lastKnownFileType = sourcecode.c.objc; path = main.m; sourceTree = "<group>"; };
		629B74641BE10AA5008F05F6 /* AppDelegate.h */ = {isa = PBXFileReference; lastKnownFileType = sourcecode.c.h; path = AppDelegate.h; sourceTree = "<group>"; };
		629B74651BE10AA5008F05F6 /* AppDelegate.m */ = {isa = PBXFileReference; lastKnownFileType = sourcecode.c.objc; path = AppDelegate.m; sourceTree = "<group>"; };
		629B74671BE10AA5008F05F6 /* ViewController.h */ = {isa = PBXFileReference; lastKnownFileType = sourcecode.c.h; path = ViewController.h; sourceTree = "<group>"; };
		629B74681BE10AA5008F05F6 /* ViewController.m */ = {isa = PBXFileReference; lastKnownFileType = sourcecode.c.objc; path = ViewController.m; sourceTree = "<group>"; };
		629B746B1BE10AA5008F05F6 /* Base */ = {isa = PBXFileReference; lastKnownFileType = file.storyboard; name = Base; path = Base.lproj/Main.storyboard; sourceTree = "<group>"; };
		629B746D1BE10AA5008F05F6 /* Assets.xcassets */ = {isa = PBXFileReference; lastKnownFileType = folder.assetcatalog; path = Assets.xcassets; sourceTree = "<group>"; };
		629B74701BE10AA5008F05F6 /* Base */ = {isa = PBXFileReference; lastKnownFileType = file.storyboard; name = Base; path = Base.lproj/LaunchScreen.storyboard; sourceTree = "<group>"; };
		629B74721BE10AA5008F05F6 /* Info.plist */ = {isa = PBXFileReference; lastKnownFileType = text.plist.xml; path = Info.plist; sourceTree = "<group>"; };
		629B74771BE10AA5008F05F6 /* ZenGardenTests.xctest */ = {isa = PBXFileReference; explicitFileType = wrapper.cfbundle; includeInIndex = 0; path = ZenGardenTests.xctest; sourceTree = BUILT_PRODUCTS_DIR; };
		629B747B1BE10AA5008F05F6 /* ZenGardenTests.m */ = {isa = PBXFileReference; lastKnownFileType = sourcecode.c.objc; path = ZenGardenTests.m; sourceTree = "<group>"; };
		629B747D1BE10AA5008F05F6 /* Info.plist */ = {isa = PBXFileReference; lastKnownFileType = text.plist.xml; path = Info.plist; sourceTree = "<group>"; };
		629B74821BE10AA5008F05F6 /* ZenGardenUITests.xctest */ = {isa = PBXFileReference; explicitFileType = wrapper.cfbundle; includeInIndex = 0; path = ZenGardenUITests.xctest; sourceTree = BUILT_PRODUCTS_DIR; };
		629B74861BE10AA5008F05F6 /* ZenGardenUITests.m */ = {isa = PBXFileReference; lastKnownFileType = sourcecode.c.objc; path = ZenGardenUITests.m; sourceTree = "<group>"; };
		629B74881BE10AA5008F05F6 /* Info.plist */ = {isa = PBXFileReference; lastKnownFileType = text.plist.xml; path = Info.plist; sourceTree = "<group>"; };
		629B74941BE10B0A008F05F6 /* rake.png */ = {isa = PBXFileReference; lastKnownFileType = image.png; path = rake.png; sourceTree = "<group>"; };
		629B74951BE10B0A008F05F6 /* rock1.png */ = {isa = PBXFileReference; lastKnownFileType = image.png; path = rock1.png; sourceTree = "<group>"; };
		629B74961BE10B0A008F05F6 /* shrub.png */ = {isa = PBXFileReference; lastKnownFileType = image.png; path = shrub.png; sourceTree = "<group>"; };
		629B74971BE10B0A008F05F6 /* swordinrock.png */ = {isa = PBXFileReference; lastKnownFileType = image.png; path = swordinrock.png; sourceTree = "<group>"; };
/* End PBXFileReference section */

/* Begin PBXFrameworksBuildPhase section */
		629B745B1BE10AA5008F05F6 /* Frameworks */ = {
			isa = PBXFrameworksBuildPhase;
			buildActionMask = 2147483647;
			files = (
			);
			runOnlyForDeploymentPostprocessing = 0;
		};
		629B74741BE10AA5008F05F6 /* Frameworks */ = {
			isa = PBXFrameworksBuildPhase;
			buildActionMask = 2147483647;
			files = (
			);
			runOnlyForDeploymentPostprocessing = 0;
		};
		629B747F1BE10AA5008F05F6 /* Frameworks */ = {
			isa = PBXFrameworksBuildPhase;
			buildActionMask = 2147483647;
			files = (
			);
			runOnlyForDeploymentPostprocessing = 0;
		};
/* End PBXFrameworksBuildPhase section */

/* Begin PBXGroup section */
		629B74551BE10AA5008F05F6 = {
			isa = PBXGroup;
			children = (
				629B74601BE10AA5008F05F6 /* ZenGarden */,
				629B747A1BE10AA5008F05F6 /* ZenGardenTests */,
				629B74851BE10AA5008F05F6 /* ZenGardenUITests */,
				629B745F1BE10AA5008F05F6 /* Products */,
			);
			sourceTree = "<group>";
		};
		629B745F1BE10AA5008F05F6 /* Products */ = {
			isa = PBXGroup;
			children = (
				629B745E1BE10AA5008F05F6 /* ZenGarden.app */,
				629B74771BE10AA5008F05F6 /* ZenGardenTests.xctest */,
				629B74821BE10AA5008F05F6 /* ZenGardenUITests.xctest */,
			);
			name = Products;
			sourceTree = "<group>";
		};
		629B74601BE10AA5008F05F6 /* ZenGarden */ = {
			isa = PBXGroup;
			children = (
				629B74641BE10AA5008F05F6 /* AppDelegate.h */,
				629B74651BE10AA5008F05F6 /* AppDelegate.m */,
				629B74671BE10AA5008F05F6 /* ViewController.h */,
				629B74681BE10AA5008F05F6 /* ViewController.m */,
				629B746A1BE10AA5008F05F6 /* Main.storyboard */,
				629B746D1BE10AA5008F05F6 /* Assets.xcassets */,
				629B746F1BE10AA5008F05F6 /* LaunchScreen.storyboard */,
				629B74941BE10B0A008F05F6 /* rake.png */,
				629B74951BE10B0A008F05F6 /* rock1.png */,
				629B74961BE10B0A008F05F6 /* shrub.png */,
				629B74971BE10B0A008F05F6 /* swordinrock.png */,
				629B74721BE10AA5008F05F6 /* Info.plist */,
				629B74611BE10AA5008F05F6 /* Supporting Files */,
			);
			path = ZenGarden;
			sourceTree = "<group>";
		};
		629B74611BE10AA5008F05F6 /* Supporting Files */ = {
			isa = PBXGroup;
			children = (
				629B74621BE10AA5008F05F6 /* main.m */,
			);
			name = "Supporting Files";
			sourceTree = "<group>";
		};
		629B747A1BE10AA5008F05F6 /* ZenGardenTests */ = {
			isa = PBXGroup;
			children = (
				629B747B1BE10AA5008F05F6 /* ZenGardenTests.m */,
				629B747D1BE10AA5008F05F6 /* Info.plist */,
			);
			path = ZenGardenTests;
			sourceTree = "<group>";
		};
		629B74851BE10AA5008F05F6 /* ZenGardenUITests */ = {
			isa = PBXGroup;
			children = (
				629B74861BE10AA5008F05F6 /* ZenGardenUITests.m */,
				629B74881BE10AA5008F05F6 /* Info.plist */,
			);
			path = ZenGardenUITests;
			sourceTree = "<group>";
		};
/* End PBXGroup section */

/* Begin PBXNativeTarget section */
		629B745D1BE10AA5008F05F6 /* ZenGarden */ = {
			isa = PBXNativeTarget;
			buildConfigurationList = 629B748B1BE10AA5008F05F6 /* Build configuration list for PBXNativeTarget "ZenGarden" */;
			buildPhases = (
				629B745A1BE10AA5008F05F6 /* Sources */,
				629B745B1BE10AA5008F05F6 /* Frameworks */,
				629B745C1BE10AA5008F05F6 /* Resources */,
			);
			buildRules = (
			);
			dependencies = (
			);
			name = ZenGarden;
			productName = ZenGarden;
			productReference = 629B745E1BE10AA5008F05F6 /* ZenGarden.app */;
			productType = "com.apple.product-type.application";
		};
		629B74761BE10AA5008F05F6 /* ZenGardenTests */ = {
			isa = PBXNativeTarget;
			buildConfigurationList = 629B748E1BE10AA5008F05F6 /* Build configuration list for PBXNativeTarget "ZenGardenTests" */;
			buildPhases = (
				629B74731BE10AA5008F05F6 /* Sources */,
				629B74741BE10AA5008F05F6 /* Frameworks */,
				629B74751BE10AA5008F05F6 /* Resources */,
			);
			buildRules = (
			);
			dependencies = (
				629B74791BE10AA5008F05F6 /* PBXTargetDependency */,
			);
			name = ZenGardenTests;
			productName = ZenGardenTests;
			productReference = 629B74771BE10AA5008F05F6 /* ZenGardenTests.xctest */;
			productType = "com.apple.product-type.bundle.unit-test";
		};
		629B74811BE10AA5008F05F6 /* ZenGardenUITests */ = {
			isa = PBXNativeTarget;
			buildConfigurationList = 629B74911BE10AA5008F05F6 /* Build configuration list for PBXNativeTarget "ZenGardenUITests" */;
			buildPhases = (
				629B747E1BE10AA5008F05F6 /* Sources */,
				629B747F1BE10AA5008F05F6 /* Frameworks */,
				629B74801BE10AA5008F05F6 /* Resources */,
			);
			buildRules = (
			);
			dependencies = (
				629B74841BE10AA5008F05F6 /* PBXTargetDependency */,
			);
			name = ZenGardenUITests;
			productName = ZenGardenUITests;
			productReference = 629B74821BE10AA5008F05F6 /* ZenGardenUITests.xctest */;
			productType = "com.apple.product-type.bundle.ui-testing";
		};
/* End PBXNativeTarget section */

/* Begin PBXProject section */
		629B74561BE10AA5008F05F6 /* Project object */ = {
			isa = PBXProject;
			attributes = {
				LastUpgradeCheck = 0700;
				ORGANIZATIONNAME = Guang;
				TargetAttributes = {
					629B745D1BE10AA5008F05F6 = {
						CreatedOnToolsVersion = 7.0.1;
					};
					629B74761BE10AA5008F05F6 = {
						CreatedOnToolsVersion = 7.0.1;
						TestTargetID = 629B745D1BE10AA5008F05F6;
					};
					629B74811BE10AA5008F05F6 = {
						CreatedOnToolsVersion = 7.0.1;
						TestTargetID = 629B745D1BE10AA5008F05F6;
					};
				};
			};
			buildConfigurationList = 629B74591BE10AA5008F05F6 /* Build configuration list for PBXProject "ZenGarden" */;
			compatibilityVersion = "Xcode 3.2";
			developmentRegion = English;
			hasScannedForEncodings = 0;
			knownRegions = (
				en,
				Base,
			);
			mainGroup = 629B74551BE10AA5008F05F6;
			productRefGroup = 629B745F1BE10AA5008F05F6 /* Products */;
			projectDirPath = "";
			projectRoot = "";
			targets = (
				629B745D1BE10AA5008F05F6 /* ZenGarden */,
				629B74761BE10AA5008F05F6 /* ZenGardenTests */,
				629B74811BE10AA5008F05F6 /* ZenGardenUITests */,
			);
		};
/* End PBXProject section */

/* Begin PBXResourcesBuildPhase section */
		629B745C1BE10AA5008F05F6 /* Resources */ = {
			isa = PBXResourcesBuildPhase;
			buildActionMask = 2147483647;
			files = (
				629B74711BE10AA5008F05F6 /* LaunchScreen.storyboard in Resources */,
				629B746E1BE10AA5008F05F6 /* Assets.xcassets in Resources */,
				629B749B1BE10B0A008F05F6 /* swordinrock.png in Resources */,
				629B74981BE10B0A008F05F6 /* rake.png in Resources */,
				629B746C1BE10AA5008F05F6 /* Main.storyboard in Resources */,
				629B749A1BE10B0A008F05F6 /* shrub.png in Resources */,
				629B74991BE10B0A008F05F6 /* rock1.png in Resources */,
			);
			runOnlyForDeploymentPostprocessing = 0;
		};
		629B74751BE10AA5008F05F6 /* Resources */ = {
			isa = PBXResourcesBuildPhase;
			buildActionMask = 2147483647;
			files = (
			);
			runOnlyForDeploymentPostprocessing = 0;
		};
		629B74801BE10AA5008F05F6 /* Resources */ = {
			isa = PBXResourcesBuildPhase;
			buildActionMask = 2147483647;
			files = (
			);
			runOnlyForDeploymentPostprocessing = 0;
		};
/* End PBXResourcesBuildPhase section */

/* Begin PBXSourcesBuildPhase section */
		629B745A1BE10AA5008F05F6 /* Sources */ = {
			isa = PBXSourcesBuildPhase;
			buildActionMask = 2147483647;
			files = (
				629B74691BE10AA5008F05F6 /* ViewController.m in Sources */,
				629B74661BE10AA5008F05F6 /* AppDelegate.m in Sources */,
				629B74631BE10AA5008F05F6 /* main.m in Sources */,
			);
			runOnlyForDeploymentPostprocessing = 0;
		};
		629B74731BE10AA5008F05F6 /* Sources */ = {
			isa = PBXSourcesBuildPhase;
			buildActionMask = 2147483647;
			files = (
				629B747C1BE10AA5008F05F6 /* ZenGardenTests.m in Sources */,
			);
			runOnlyForDeploymentPostprocessing = 0;
		};
		629B747E1BE10AA5008F05F6 /* Sources */ = {
			isa = PBXSourcesBuildPhase;
			buildActionMask = 2147483647;
			files = (
				629B74871BE10AA5008F05F6 /* ZenGardenUITests.m in Sources */,
			);
			runOnlyForDeploymentPostprocessing = 0;
		};
/* End PBXSourcesBuildPhase section */

/* Begin PBXTargetDependency section */
		629B74791BE10AA5008F05F6 /* PBXTargetDependency */ = {
			isa = PBXTargetDependency;
			target = 629B745D1BE10AA5008F05F6 /* ZenGarden */;
			targetProxy = 629B74781BE10AA5008F05F6 /* PBXContainerItemProxy */;
		};
		629B74841BE10AA5008F05F6 /* PBXTargetDependency */ = {
			isa = PBXTargetDependency;
			target = 629B745D1BE10AA5008F05F6 /* ZenGarden */;
			targetProxy = 629B74831BE10AA5008F05F6 /* PBXContainerItemProxy */;
		};
/* End PBXTargetDependency section */

/* Begin PBXVariantGroup section */
		629B746A1BE10AA5008F05F6 /* Main.storyboard */ = {
			isa = PBXVariantGroup;
			children = (
				629B746B1BE10AA5008F05F6 /* Base */,
			);
			name = Main.storyboard;
			sourceTree = "<group>";
		};
		629B746F1BE10AA5008F05F6 /* LaunchScreen.storyboard */ = {
			isa = PBXVariantGroup;
			children = (
				629B74701BE10AA5008F05F6 /* Base */,
			);
			name = LaunchScreen.storyboard;
			sourceTree = "<group>";
		};
/* End PBXVariantGroup section */

/* Begin XCBuildConfiguration section */
		629B74891BE10AA5008F05F6 /* Debug */ = {
			isa = XCBuildConfiguration;
			buildSettings = {
				ALWAYS_SEARCH_USER_PATHS = NO;
				CLANG_CXX_LANGUAGE_STANDARD = "gnu++0x";
				CLANG_CXX_LIBRARY = "libc++";
				CLANG_ENABLE_MODULES = YES;
				CLANG_ENABLE_OBJC_ARC = YES;
				CLANG_WARN_BOOL_CONVERSION = YES;
				CLANG_WARN_CONSTANT_CONVERSION = YES;
				CLANG_WARN_DIRECT_OBJC_ISA_USAGE = YES_ERROR;
				CLANG_WARN_EMPTY_BODY = YES;
				CLANG_WARN_ENUM_CONVERSION = YES;
				CLANG_WARN_INT_CONVERSION = YES;
				CLANG_WARN_OBJC_ROOT_CLASS = YES_ERROR;
				CLANG_WARN_UNREACHABLE_CODE = YES;
				CLANG_WARN__DUPLICATE_METHOD_MATCH = YES;
				"CODE_SIGN_IDENTITY[sdk=iphoneos*]" = "iPhone Developer";
				COPY_PHASE_STRIP = NO;
				DEBUG_INFORMATION_FORMAT = dwarf;
				ENABLE_STRICT_OBJC_MSGSEND = YES;
				ENABLE_TESTABILITY = YES;
				GCC_C_LANGUAGE_STANDARD = gnu99;
				GCC_DYNAMIC_NO_PIC = NO;
				GCC_NO_COMMON_BLOCKS = YES;
				GCC_OPTIMIZATION_LEVEL = 0;
				GCC_PREPROCESSOR_DEFINITIONS = (
					"DEBUG=1",
					"$(inherited)",
				);
				GCC_WARN_64_TO_32_BIT_CONVERSION = YES;
				GCC_WARN_ABOUT_RETURN_TYPE = YES_ERROR;
				GCC_WARN_UNDECLARED_SELECTOR = YES;
				GCC_WARN_UNINITIALIZED_AUTOS = YES_AGGRESSIVE;
				GCC_WARN_UNUSED_FUNCTION = YES;
				GCC_WARN_UNUSED_VARIABLE = YES;
				IPHONEOS_DEPLOYMENT_TARGET = 9.0;
				MTL_ENABLE_DEBUG_INFO = YES;
				ONLY_ACTIVE_ARCH = YES;
				SDKROOT = iphoneos;
				TARGETED_DEVICE_FAMILY = "1,2";
			};
			name = Debug;
		};
		629B748A1BE10AA5008F05F6 /* Release */ = {
			isa = XCBuildConfiguration;
			buildSettings = {
				ALWAYS_SEARCH_USER_PATHS = NO;
				CLANG_CXX_LANGUAGE_STANDARD = "gnu++0x";
				CLANG_CXX_LIBRARY = "libc++";
				CLANG_ENABLE_MODULES = YES;
				CLANG_ENABLE_OBJC_ARC = YES;
				CLANG_WARN_BOOL_CONVERSION = YES;
				CLANG_WARN_CONSTANT_CONVERSION = YES;
				CLANG_WARN_DIRECT_OBJC_ISA_USAGE = YES_ERROR;
				CLANG_WARN_EMPTY_BODY = YES;
				CLANG_WARN_ENUM_CONVERSION = YES;
				CLANG_WARN_INT_CONVERSION = YES;
				CLANG_WARN_OBJC_ROOT_CLASS = YES_ERROR;
				CLANG_WARN_UNREACHABLE_CODE = YES;
				CLANG_WARN__DUPLICATE_METHOD_MATCH = YES;
				"CODE_SIGN_IDENTITY[sdk=iphoneos*]" = "iPhone Developer";
				COPY_PHASE_STRIP = NO;
				DEBUG_INFORMATION_FORMAT = "dwarf-with-dsym";
				ENABLE_NS_ASSERTIONS = NO;
				ENABLE_STRICT_OBJC_MSGSEND = YES;
				GCC_C_LANGUAGE_STANDARD = gnu99;
				GCC_NO_COMMON_BLOCKS = YES;
				GCC_WARN_64_TO_32_BIT_CONVERSION = YES;
				GCC_WARN_ABOUT_RETURN_TYPE = YES_ERROR;
				GCC_WARN_UNDECLARED_SELECTOR = YES;
				GCC_WARN_UNINITIALIZED_AUTOS = YES_AGGRESSIVE;
				GCC_WARN_UNUSED_FUNCTION = YES;
				GCC_WARN_UNUSED_VARIABLE = YES;
				IPHONEOS_DEPLOYMENT_TARGET = 9.0;
				MTL_ENABLE_DEBUG_INFO = NO;
				SDKROOT = iphoneos;
				TARGETED_DEVICE_FAMILY = "1,2";
				VALIDATE_PRODUCT = YES;
			};
			name = Release;
		};
		629B748C1BE10AA5008F05F6 /* Debug */ = {
			isa = XCBuildConfiguration;
			buildSettings = {
				ASSETCATALOG_COMPILER_APPICON_NAME = AppIcon;
				INFOPLIST_FILE = ZenGarden/Info.plist;
				LD_RUNPATH_SEARCH_PATHS = "$(inherited) @executable_path/Frameworks";
				PRODUCT_BUNDLE_IDENTIFIER = waterBB.ZenGarden;
				PRODUCT_NAME = "$(TARGET_NAME)";
			};
			name = Debug;
		};
		629B748D1BE10AA5008F05F6 /* Release */ = {
			isa = XCBuildConfiguration;
			buildSettings = {
				ASSETCATALOG_COMPILER_APPICON_NAME = AppIcon;
				INFOPLIST_FILE = ZenGarden/Info.plist;
				LD_RUNPATH_SEARCH_PATHS = "$(inherited) @executable_path/Frameworks";
				PRODUCT_BUNDLE_IDENTIFIER = waterBB.ZenGarden;
				PRODUCT_NAME = "$(TARGET_NAME)";
			};
			name = Release;
		};
		629B748F1BE10AA5008F05F6 /* Debug */ = {
			isa = XCBuildConfiguration;
			buildSettings = {
				BUNDLE_LOADER = "$(TEST_HOST)";
				INFOPLIST_FILE = ZenGardenTests/Info.plist;
				LD_RUNPATH_SEARCH_PATHS = "$(inherited) @executable_path/Frameworks @loader_path/Frameworks";
				PRODUCT_BUNDLE_IDENTIFIER = waterBB.ZenGardenTests;
				PRODUCT_NAME = "$(TARGET_NAME)";
				TEST_HOST = "$(BUILT_PRODUCTS_DIR)/ZenGarden.app/ZenGarden";
			};
			name = Debug;
		};
		629B74901BE10AA5008F05F6 /* Release */ = {
			isa = XCBuildConfiguration;
			buildSettings = {
				BUNDLE_LOADER = "$(TEST_HOST)";
				INFOPLIST_FILE = ZenGardenTests/Info.plist;
				LD_RUNPATH_SEARCH_PATHS = "$(inherited) @executable_path/Frameworks @loader_path/Frameworks";
				PRODUCT_BUNDLE_IDENTIFIER = waterBB.ZenGardenTests;
				PRODUCT_NAME = "$(TARGET_NAME)";
				TEST_HOST = "$(BUILT_PRODUCTS_DIR)/ZenGarden.app/ZenGarden";
			};
			name = Release;
		};
		629B74921BE10AA5008F05F6 /* Debug */ = {
			isa = XCBuildConfiguration;
			buildSettings = {
				INFOPLIST_FILE = ZenGardenUITests/Info.plist;
				LD_RUNPATH_SEARCH_PATHS = "$(inherited) @executable_path/Frameworks @loader_path/Frameworks";
				PRODUCT_BUNDLE_IDENTIFIER = waterBB.ZenGardenUITests;
				PRODUCT_NAME = "$(TARGET_NAME)";
				TEST_TARGET_NAME = ZenGarden;
				USES_XCTRUNNER = YES;
			};
			name = Debug;
		};
		629B74931BE10AA5008F05F6 /* Release */ = {
			isa = XCBuildConfiguration;
			buildSettings = {
				INFOPLIST_FILE = ZenGardenUITests/Info.plist;
				LD_RUNPATH_SEARCH_PATHS = "$(inherited) @executable_path/Frameworks @loader_path/Frameworks";
				PRODUCT_BUNDLE_IDENTIFIER = waterBB.ZenGardenUITests;
				PRODUCT_NAME = "$(TARGET_NAME)";
				TEST_TARGET_NAME = ZenGarden;
				USES_XCTRUNNER = YES;
			};
			name = Release;
		};
/* End XCBuildConfiguration section */

/* Begin XCConfigurationList section */
		629B74591BE10AA5008F05F6 /* Build configuration list for PBXProject "ZenGarden" */ = {
			isa = XCConfigurationList;
			buildConfigurations = (
				629B74891BE10AA5008F05F6 /* Debug */,
				629B748A1BE10AA5008F05F6 /* Release */,
			);
			defaultConfigurationIsVisible = 0;
			defaultConfigurationName = Release;
		};
		629B748B1BE10AA5008F05F6 /* Build configuration list for PBXNativeTarget "ZenGarden" */ = {
			isa = XCConfigurationList;
			buildConfigurations = (
				629B748C1BE10AA5008F05F6 /* Debug */,
				629B748D1BE10AA5008F05F6 /* Release */,
			);
			defaultConfigurationIsVisible = 0;
		};
		629B748E1BE10AA5008F05F6 /* Build configuration list for PBXNativeTarget "ZenGardenTests" */ = {
			isa = XCConfigurationList;
			buildConfigurations = (
				629B748F1BE10AA5008F05F6 /* Debug */,
				629B74901BE10AA5008F05F6 /* Release */,
			);
			defaultConfigurationIsVisible = 0;
		};
		629B74911BE10AA5008F05F6 /* Build configuration list for PBXNativeTarget "ZenGardenUITests" */ = {
			isa = XCConfigurationList;
			buildConfigurations = (
				629B74921BE10AA5008F05F6 /* Debug */,
				629B74931BE10AA5008F05F6 /* Release */,
			);
			defaultConfigurationIsVisible = 0;
		};
/* End XCConfigurationList section */
	};
	rootObject = 629B74561BE10AA5008F05F6 /* Project object */;
}
